{
    "_meta": {
        "hash": {
            "sha256": "d9007a1c015781864b7343fd8f45d90b602356d41cf4a0b5c8863a3559609d8a"
        },
        "pipfile-spec": 6,
        "requires": {},
        "sources": [
            {
                "name": "pypi",
                "url": "https://pypi.org/simple",
                "verify_ssl": true
            }
        ]
    },
    "default": {
        "maturin": {
            "hashes": [
                "sha256:04f90b4cc03f78a616cc7054034f0184b61756d1497e1b87e011a70ce420ebe2",
                "sha256:11fbd89f07053c71904ae4afdf48ee18d41740d2f2939b91c838ccc5afd02e1a",
                "sha256:16d2ccd0476cf81022f01c45a77bf20fb4db06c04bfbbc77a1c85b27f9973e2d",
                "sha256:2a62793262eea8f85218accd2f877040e4b74af356a958bb769858ee23a275fd",
                "sha256:2f4abdf33e87ccb0d035a838e832945c6f7374222eacde508fafc752dda8ba6e",
                "sha256:422355ec4bab3ce025f826b25e2bb77e31a879c6cc06bb7a6fd3c1dd16a7e4fe",
                "sha256:4f55a717aebff0a16abb9f207a3c25edc350f0ef12b7f98ffb53f2287f221f58",
                "sha256:721f5f75e3645fa25576af549e62673c45f247e4567eb3a21fbb714b16d3e741",
                "sha256:90e1a022b5c735170f50867b1fa46338acc695b94fbf230376dc69ff9830606b",
                "sha256:935892c4cfa9483eda22034413db0a6cd71069b4539ee5107d137c428a0026b6",
                "sha256:acae3cfa51a68e512653103efa29e3321aa1ffb73b26cdcf3450f4a9806f8e00",
                "sha256:cca59e78121c90d26e80af8e0be624362d14816ce28e082d876208f2d29ea8b5",
                "sha256:e02add08490f8246381ee3d66d35aab5d002435e2c1c0e14e45849bda5c42e39"
            ],
            "index": "pypi",
            "markers": "python_version >= '3.7'",
            "version": "==1.8.0"
        }
    },
    "develop": {
        "atomicwrites": {
            "hashes": [
                "sha256:81b2c9071a49367a7f770170e5eec8cb66567cfbbc8c73d20ce5ca4a8d71cf11"
            ],
            "index": "pypi",
            "version": "==1.4.1"
        },
        "importlib-metadata": {
            "hashes": [
                "sha256:d13b81ad223b890aa16c5471f2ac3056cf76c5f10f82d6f9292f0b415f389000",
                "sha256:e5dd1551894c77868a30651cef00984d50e1002d06942a7101d34870c5f02afd"
            ],
            "index": "pypi",
            "markers": "python_version >= '3.9'",
            "version": "==8.7.0"
        },
        "iniconfig": {
            "hashes": [
                "sha256:3abbd2e30b36733fee78f9c7f7308f2d0050e88f0087fd25c2645f63c773e1c7",
                "sha256:9deba5723312380e77435581c6bf4935c94cbfab9b1ed33ef8d238ea168eb760"
            ],
            "markers": "python_version >= '3.8'",
            "version": "==2.1.0"
        },
        "maturin": {
            "hashes": [
                "sha256:267ac8d0471d1ee2320b8b2ee36f400a32cd2492d7becbd0d976bd3503c2f69b",
                "sha256:30dae97d78fd8dc0a5648bf3f051581ea3a3cbfd93e20a368d48d00c464e3b3a",
                "sha256:3dbd698ddc8ebd415ed9f5558730677b6b07984e19769c8194c249145d19aa14",
                "sha256:45d9909651a79186faf1bfaa0202204957870b30ce3bbd68516028f990a3cb38",
                "sha256:68a70db3b08b39f849f1ef7d214bee94141883d095e171f94badddaf56b4d60d",
                "sha256:7efca8a7155d9b4f00e85eb334ca2524acc61cf93193df1282060e24a36d09f7",
                "sha256:8c8ba5fb75827d037c6ccddda43a3cbcb428778cc6d3c6972785bb0b351f2786",
                "sha256:8eab2457dc16194790cbdb11693ba13b8e130923a87fafa36d7c5800e587bf2b",
                "sha256:acbfbf9bf9f01dca27794de689e0f8bb85db600cf88662b3e44715aae8a5547e",
                "sha256:b17d5a4fe513d92ae96d27c2bc5c12ea024a69d8b6ac27f79e67b19f0fd004fa",
                "sha256:bb9718d6bb7f2d539a5ff7891fe862fcaa9a75d4ea58176446030ecb5d903ceb",
                "sha256:d71e8ccfc96602b25ecca77074b4a3459f419ab29505e966b9f1e7cc316f7a3e",
                "sha256:f29cb1068396ee0376cf5b9f4dce706bea9f768555831d44259b316e25ce311d",
                "sha256:fb2ee86861e72495eb9afd83f3672de0e4061740247f14492703c189829e7928"
            ],
            "index": "pypi",
            "markers": "python_version >= '3.7'",
            "version": "==1.9.3"
        },
        "packaging": {
            "hashes": [
                "sha256:29572ef2b1f17581046b3a2227d5c611fb25ec70ca1ba8554b24b0e69331a484",
                "sha256:d443872c98d677bf60f6a1f2f8c1cb748e8fe762d2bf9d3148b5599295b0fc4f"
            ],
            "markers": "python_version >= '3.8'",
            "version": "==25.0"
        },
        "pluggy": {
            "hashes": [
                "sha256:7dcc130b76258d33b90f61b658791dede3486c3e6bfb003ee5c9bfb396dd22f3",
                "sha256:e920276dd6813095e9377c0bc5566d94c932c33b27a3e3945d8389c374dd4746"
            ],
            "markers": "python_version >= '3.9'",
            "version": "==1.6.0"
        },
        "pygments": {
            "hashes": [
                "sha256:636cb2477cec7f8952536970bc533bc43743542f70392ae026374600add5b887",
                "sha256:86540386c03d588bb81d44bc3928634ff26449851e99741617ecb9037ee5ec0b"
            ],
            "markers": "python_version >= '3.8'",
            "version": "==2.19.2"
        },
        "pytest": {
            "hashes": [
                "sha256:539c70ba6fcead8e78eebbf1115e8b589e7565830d7d006a8723f19ac8a0afb7",
                "sha256:7c67fd69174877359ed9371ec3af8a3d2b04741818c51e5e99cc1742251fa93c"
            ],
            "index": "pypi",
            "markers": "python_version >= '3.9'",
            "version": "==8.4.1"
        },
        "ruff": {
            "hashes": [
                "sha256:07adb221c54b6bba24387911e5734357f042e5669fa5718920ee728aba3cbadc",
                "sha256:17d5b6b0b3a25259b69ebcba87908496e6830e03acfb929ef9fd4c58675fa2ea",
                "sha256:1b15599931a1a7a03c388b9c5df1bfa62be7ede6eb7ef753b272381f39c3d0ff",
                "sha256:3d02faa2977fb6f3f32ddb7828e212b7dd499c59eb896ae6c03ea5c303575756",
                "sha256:43f07a3ccfc62cdb4d3a3348bf0588358a66da756aa113e071b8ca8c3b9826af",
                "sha256:5b15ea354c6ff0d7423814ba6d44be2807644d0c05e9ed60caca87e963e93f70",
                "sha256:63c8c819739d86b96d500cce885956a1a48ab056bbcbc61b747ad494b2485089",
                "sha256:6fb15b1977309741d7d098c8a3cb7a30bc112760a00fb6efb7abc85f00ba5908",
                "sha256:72db7521860e246adbb43f6ef464dd2a532ef2ef1f5dd0d470455b8d9f1773e0",
                "sha256:881465ed56ba4dd26a691954650de6ad389a2d1fdb130fe51ff18a25639fe4bb",
                "sha256:9fc83e4e9751e6c13b5046d7162f205d0a7bac5840183c5beebf824b08a27340",
                "sha256:a03242c1522b4e0885af63320ad754d53983c9599157ee33e77d748363c561ce",
                "sha256:aed9d15f8c5755c0e74467731a007fcad41f19bcce41cd75f768bbd687f8535f",
                "sha256:cc7a37bd2509974379d0115cc5608a1a4a6c4bff1b452ea69db83c8855d53f93",
                "sha256:d596c2d0393c2502eaabfef723bd74ca35348a8dac4267d18a94910087807c53",
                "sha256:f5cd34fabfdea3933ab85d72359f118035882a01bff15bd1d2b15261d85d5f66",
                "sha256:f6be1d2ca0686c54564da8e7ee9e25f93bdd6868263805f8c0b8fc6a449db6d7",
                "sha256:fbd94b2e3c623f659962934e52c2bea6fc6da11f667a427a368adaf3af2c866a",
                "sha256:fcebc6c79fcae3f220d05585229463621f5dbf24d79fdc4936d9302e177cfa3e"
            ],
            "index": "pypi",
            "markers": "python_version >= '3.7'",
            "version": "==0.12.9"
        },
        "typing-extensions": {
            "hashes": [
                "sha256:38b39f4aeeab64884ce9f74c94263ef78f3c22467c8724005483154c26648d36",
                "sha256:d1e1e3b58374dc93031d6eda2420a48ea44a36c2b4766a4fdeb3710755731d76"
            ],
            "index": "pypi",
            "markers": "python_version >= '3.9'",
            "version": "==4.14.1"
        },
        "zipp": {
            "hashes": [
                "sha256:071652d6115ed432f5ce1d34c336c0adfd6a884660d1e9712a256d3d3bd4b14e",
                "sha256:a07157588a12518c9d4034df3fbbee09c814741a33ff63c05fa29d26a2404166"
            ],
            "markers": "python_version >= '3.9'",
            "version": "==3.23.0"
        }
    }
}
