{
    "_meta": {
        "hash": {
            "sha256": "d9007a1c015781864b7343fd8f45d90b602356d41cf4a0b5c8863a3559609d8a"
        },
        "pipfile-spec": 6,
        "requires": {},
        "sources": [
            {
                "name": "pypi",
                "url": "https://pypi.org/simple",
                "verify_ssl": true
            }
        ]
    },
    "default": {
        "maturin": {
            "hashes": [
                "sha256:04f90b4cc03f78a616cc7054034f0184b61756d1497e1b87e011a70ce420ebe2",
                "sha256:11fbd89f07053c71904ae4afdf48ee18d41740d2f2939b91c838ccc5afd02e1a",
                "sha256:16d2ccd0476cf81022f01c45a77bf20fb4db06c04bfbbc77a1c85b27f9973e2d",
                "sha256:2a62793262eea8f85218accd2f877040e4b74af356a958bb769858ee23a275fd",
                "sha256:2f4abdf33e87ccb0d035a838e832945c6f7374222eacde508fafc752dda8ba6e",
                "sha256:422355ec4bab3ce025f826b25e2bb77e31a879c6cc06bb7a6fd3c1dd16a7e4fe",
                "sha256:4f55a717aebff0a16abb9f207a3c25edc350f0ef12b7f98ffb53f2287f221f58",
                "sha256:721f5f75e3645fa25576af549e62673c45f247e4567eb3a21fbb714b16d3e741",
                "sha256:90e1a022b5c735170f50867b1fa46338acc695b94fbf230376dc69ff9830606b",
                "sha256:935892c4cfa9483eda22034413db0a6cd71069b4539ee5107d137c428a0026b6",
                "sha256:acae3cfa51a68e512653103efa29e3321aa1ffb73b26cdcf3450f4a9806f8e00",
                "sha256:cca59e78121c90d26e80af8e0be624362d14816ce28e082d876208f2d29ea8b5",
                "sha256:e02add08490f8246381ee3d66d35aab5d002435e2c1c0e14e45849bda5c42e39"
            ],
            "index": "pypi",
            "markers": "python_version >= '3.7'",
            "version": "==1.8.0"
        }
    },
    "develop": {
        "atomicwrites": {
            "hashes": [
                "sha256:81b2c9071a49367a7f770170e5eec8cb66567cfbbc8c73d20ce5ca4a8d71cf11"
            ],
            "index": "pypi",
            "version": "==1.4.1"
        },
        "black": {
            "hashes": [
                "sha256:14b3502784f09ce2443830e3133dacf2c0110d45191ed470ecb04d0f5f6fcb0f",
                "sha256:17374989640fbca88b6a448129cd1745c5eb8d9547b464f281b251dd00155ccd",
                "sha256:1c536fcf674217e87b8cc3657b81809d3c085d7bf3ef262ead700da345bfa6ea",
                "sha256:1cbacacb19e922a1d75ef2b6ccaefcd6e93a2c05ede32f06a21386a04cedb981",
                "sha256:1f93102e0c5bb3907451063e08b9876dbeac810e7da5a8bfb7aeb5a9ef89066b",
                "sha256:2cd9c95431d94adc56600710f8813ee27eea544dd118d45896bb734e9d7a0dc7",
                "sha256:30d2c30dc5139211dda799758559d1b049f7f14c580c409d6ad925b74a4208a8",
                "sha256:394d4ddc64782e51153eadcaaca95144ac4c35e27ef9b0a42e121ae7e57a9175",
                "sha256:3bb2b7a1f7b685f85b11fed1ef10f8a9148bceb49853e47a294a3dd963c1dd7d",
                "sha256:4007b1393d902b48b36958a216c20c4482f601569d19ed1df294a496eb366392",
                "sha256:5a2221696a8224e335c28816a9d331a6c2ae15a2ee34ec857dcf3e45dbfa99ad",
                "sha256:63f626344343083322233f175aaf372d326de8436f5928c042639a4afbbf1d3f",
                "sha256:649fff99a20bd06c6f727d2a27f401331dc0cc861fb69cde910fe95b01b5928f",
                "sha256:680359d932801c76d2e9c9068d05c6b107f2584b2a5b88831c83962eb9984c1b",
                "sha256:846ea64c97afe3bc677b761787993be4991810ecc7a4a937816dd6bddedc4875",
                "sha256:b5e39e0fae001df40f95bd8cc36b9165c5e2ea88900167bddf258bacef9bbdc3",
                "sha256:ccfa1d0cb6200857f1923b602f978386a3a2758a65b52e0950299ea014be6800",
                "sha256:d37d422772111794b26757c5b55a3eade028aa3fde43121ab7b673d050949d65",
                "sha256:ddacb691cdcdf77b96f549cf9591701d8db36b2f19519373d60d31746068dbf2",
                "sha256:e6668650ea4b685440857138e5fe40cde4d652633b1bdffc62933d0db4ed9812",
                "sha256:f9da3333530dbcecc1be13e69c250ed8dfa67f43c4005fb537bb426e19200d50",
                "sha256:fe4d6476887de70546212c99ac9bd803d90b42fc4767f058a0baa895013fbb3e"
            ],
            "index": "pypi",
            "markers": "python_version >= '3.9'",
            "version": "==24.10.0"
        },
        "click": {
            "hashes": [
                "sha256:63c132bbbed01578a06712a2d1f497bb62d9c1c0d329b7903a866228027263b2",
                "sha256:ed53c9d8990d83c2a27deae68e4ee337473f6330c040a31d4225c9574d16096a"
            ],
            "markers": "python_version >= '3.7'",
            "version": "==8.1.8"
        },
        "exceptiongroup": {
            "hashes": [
                "sha256:097acd85d473d75af5bb98e41b61ff7fe35efe6675e4f9370ec6ec5126d160e9",
                "sha256:343280667a4585d195ca1cf9cef84a4e178c4b6cf2274caef9859782b567d5e3"
            ],
            "markers": "python_version < '3.11'",
            "version": "==1.1.3"
        },
        "importlib-metadata": {
            "hashes": [
                "sha256:45e54197d28b7a7f1559e60b95e7c567032b602131fbd588f1497f47880aa68b",
                "sha256:71522656f0abace1d072b9e5481a48f07c138e00f079c38c8f883823f9c26bd7"
            ],
            "index": "pypi",
            "markers": "python_version >= '3.8'",
            "version": "==8.5.0"
        },
        "iniconfig": {
            "hashes": [
                "sha256:2d91e135bf72d31a410b17c16da610a82cb55f6b0477d1a902134b24a455b8b3",
                "sha256:b6a85871a79d2e3b22d2d1b94ac2824226a63c6b741c88f7ae975f18b6778374"
            ],
            "markers": "python_version >= '3.7'",
            "version": "==2.0.0"
        },
        "maturin": {
            "hashes": [
                "sha256:04f90b4cc03f78a616cc7054034f0184b61756d1497e1b87e011a70ce420ebe2",
                "sha256:11fbd89f07053c71904ae4afdf48ee18d41740d2f2939b91c838ccc5afd02e1a",
                "sha256:16d2ccd0476cf81022f01c45a77bf20fb4db06c04bfbbc77a1c85b27f9973e2d",
                "sha256:2a62793262eea8f85218accd2f877040e4b74af356a958bb769858ee23a275fd",
                "sha256:2f4abdf33e87ccb0d035a838e832945c6f7374222eacde508fafc752dda8ba6e",
                "sha256:422355ec4bab3ce025f826b25e2bb77e31a879c6cc06bb7a6fd3c1dd16a7e4fe",
                "sha256:4f55a717aebff0a16abb9f207a3c25edc350f0ef12b7f98ffb53f2287f221f58",
                "sha256:721f5f75e3645fa25576af549e62673c45f247e4567eb3a21fbb714b16d3e741",
                "sha256:90e1a022b5c735170f50867b1fa46338acc695b94fbf230376dc69ff9830606b",
                "sha256:935892c4cfa9483eda22034413db0a6cd71069b4539ee5107d137c428a0026b6",
                "sha256:acae3cfa51a68e512653103efa29e3321aa1ffb73b26cdcf3450f4a9806f8e00",
                "sha256:cca59e78121c90d26e80af8e0be624362d14816ce28e082d876208f2d29ea8b5",
                "sha256:e02add08490f8246381ee3d66d35aab5d002435e2c1c0e14e45849bda5c42e39"
            ],
            "index": "pypi",
            "markers": "python_version >= '3.7'",
            "version": "==1.8.0"
        },
        "mypy-extensions": {
            "hashes": [
                "sha256:4392f6c0eb8a5668a69e23d168ffa70f0be9ccfd32b5cc2d26a34ae5b844552d",
                "sha256:75dbf8955dc00442a438fc4d0666508a9a97b6bd41aa2f0ffe9d2f2725af0782"
            ],
            "markers": "python_version >= '3.5'",
            "version": "==1.0.0"
        },
        "packaging": {
            "hashes": [
                "sha256:09abb1bccd265c01f4a3aa3f7a7db064b36514d2cba19a2f694fe6150451a759",
                "sha256:c228a6dc5e932d346bc5739379109d49e8853dd8223571c7c5b55260edc0b97f"
            ],
            "markers": "python_version >= '3.8'",
            "version": "==24.2"
        },
        "pathspec": {
            "hashes": [
                "sha256:a0d503e138a4c123b27490a4f7beda6a01c6f288df0e4a8b79c7eb0dc7b4cc08",
                "sha256:a482d51503a1ab33b1c67a6c3813a26953dbdc71c31dacaef9a838c4e29f5712"
            ],
            "markers": "python_version >= '3.8'",
            "version": "==0.12.1"
        },
        "platformdirs": {
            "hashes": [
                "sha256:357fb2acbc885b0419afd3ce3ed34564c13c9b95c89360cd9563f73aa5e2b907",
                "sha256:73e575e1408ab8103900836b97580d5307456908a03e92031bab39e4554cc3fb"
            ],
            "markers": "python_version >= '3.8'",
            "version": "==4.3.6"
        },
        "pluggy": {
            "hashes": [
                "sha256:2cffa88e94fdc978c4c574f15f9e59b7f4201d439195c3715ca9e2486f1d0cf1",
                "sha256:44e1ad92c8ca002de6377e165f3e0f1be63266ab4d554740532335b9d75ea669"
            ],
            "markers": "python_version >= '3.8'",
            "version": "==1.5.0"
        },
        "pytest": {
            "hashes": [
                "sha256:50e16d954148559c9a74109af1eaf0c945ba2d8f30f0a3d3335edde19788b6f6",
                "sha256:965370d062bce11e73868e0335abac31b4d3de0e82f4007408d242b4f8610761"
            ],
            "index": "pypi",
            "markers": "python_version >= '3.8'",
            "version": "==8.3.4"
        },
        "ruff": {
            "hashes": [
                "sha256:0d5f89f254836799af1615798caa5f80b7f935d7a670fad66c5007928e57ace8",
                "sha256:13e9ec6d6b55f6da412d59953d65d66e760d583dd3c1c72bf1f26435b5bfdbae",
                "sha256:552fb6d861320958ca5e15f28b20a3d071aa83b93caee33a87b471f99a6c0835",
                "sha256:58072f0c06080276804c6a4e21a9045a706584a958e644353603d36ca1eb8a60",
                "sha256:6ddf5d654ac0d44389f6bf05cee4caeefc3132a64b58ea46738111d687352296",
                "sha256:736272574e97157f7edbbb43b1d046125fce9e7d8d583d5d65d0c9bf2c15addf",
                "sha256:8ef06f66f4a05c3ddbc9121a8b0cecccd92c5bf3dd43b5472ffe40b8ca10f0f8",
                "sha256:9183dd615d8df50defa8b1d9a074053891ba39025cf5ae88e8bcb52edcc4bf08",
                "sha256:97d9aefef725348ad77d6db98b726cfdb075a40b936c7984088804dfd38268a7",
                "sha256:9f8402b7c4f96463f135e936d9ab77b65711fcd5d72e5d67597b543bbb43cf3f",
                "sha256:ab78e33325a6f5374e04c2ab924a3367d69a0da36f8c9cb6b894a62017506111",
                "sha256:bf197b98ed86e417412ee3b6c893f44c8864f816451441483253d5ff22c0e81e",
                "sha256:c41319b85faa3aadd4d30cb1cffdd9ac6b89704ff79f7664b853785b48eccdf3",
                "sha256:e248b1f0fa2749edd3350a2a342b67b43a2627434c059a063418e3d375cfe643",
                "sha256:e4e56b3baa9c23d324ead112a4fdf20db9a3f8f29eeabff1355114dd96014604",
                "sha256:e5fe710ab6061592521f902fca7ebcb9fabd27bc7c57c764298b1c1f15fff720",
                "sha256:f21a1143776f8656d7f364bd264a9d60f01b7f52243fbe90e7670c0dfe0cf65d",
                "sha256:ffb60904651c00a1e0b8df594591770018a0f04587f7deeb3838344fe3adabac"
            ],
            "index": "pypi",
            "markers": "python_version >= '3.7'",
            "version": "==0.8.4"
        },
        "tomli": {
            "hashes": [
                "sha256:939de3e7a6161af0c887ef91b7d41a53e7c5a1ca976325f429cb46ea9bc30ecc",
                "sha256:de526c12914f0c550d15924c62d72abc48d6fe7364aa87328337a31007fe8a4f"
            ],
            "markers": "python_version < '3.11'",
            "version": "==2.0.1"
        },
        "typing-extensions": {
            "hashes": [
                "sha256:04e5ca0351e0f3f85c6853954072df659d0d13fac324d0072316b67d7794700d",
                "sha256:1a7ead55c7e559dd4dee8856e3a88b41225abfe1ce8df57b7c13915fe121ffb8"
            ],
            "index": "pypi",
            "markers": "python_version >= '3.8'",
            "version": "==4.12.2"
        },
        "zipp": {
            "hashes": [
                "sha256:2c9958f6430a2040341a52eb608ed6dd93ef4392e02ffe219417c1b28b5dd1f4",
                "sha256:ac1bbe05fd2991f160ebce24ffbac5f6d11d83dc90891255885223d42b3cd931"
            ],
            "markers": "python_version >= '3.9'",
            "version": "==3.21.0"
        }
    }
}
